
Microsoft Visual Studio Solution File, Format Version 12.00
# Visual Studio Version 16
VisualStudioVersion = 16.0.30413.136
MinimumVisualStudioVersion = 10.0.40219.1
Project("{FAE04EC0-301F-11D3-BF4B-00C04F79EFBC}") = "Prog2Labb1", "ConsoleApp1\Prog2Labb1.csproj", "{6302C279-32AF-4837-BCF5-8B08745D245C}"
EndProject
Global
	GlobalSection(SolutionConfigurationPlatforms) = preSolution
		Debug|Any CPU = Debug|Any CPU
		Release|Any CPU = Release|Any CPU
	EndGlobalSection
	GlobalSection(ProjectConfigurationPlatforms) = postSolution
		{6302C279-32AF-4837-BCF5-8B08745D245C}.Debug|Any CPU.ActiveCfg = Debug|Any CPU
		{6302C279-32AF-4837-BCF5-8B08745D245C}.Debug|Any CPU.Build.0 = Debug|Any CPU
		{6302C279-32AF-4837-BCF5-8B08745D245C}.Release|Any CPU.ActiveCfg = Release|Any CPU
		{6302C279-32AF-4837-BCF5-8B08745D245C}.Release|Any CPU.Build.0 = Release|Any CPU
	EndGlobalSection
	GlobalSection(SolutionProperties) = preSolution
		HideSolutionNode = FALSE
	EndGlobalSection
	GlobalSection(ExtensibilityGlobals) = postSolution
		SolutionGuid = {F09142B7-5AB2-4A0F-99F7-B40F31A3E6B3}
	EndGlobalSection
EndGlobal
